<?xml version="1.0" encoding="utf-8"?>
<Project ToolsVersion="4.0" xmlns="http://schemas.microsoft.com/developer/msbuild/2003">
  <ItemGroup>
    <Filter Include="소스 파일">
      <UniqueIdentifier>{4FC737F1-C7A5-4376-A066-2A32D752A2FF}</UniqueIdentifier>
      <Extensions>cpp;c;cc;cxx;def;odl;idl;hpj;bat;asm;asmx</Extensions>
    </Filter>
    <Filter Include="헤더 파일">
      <UniqueIdentifier>{93995380-89BD-4b04-88EB-625FBE52EBFB}</UniqueIdentifier>
      <Extensions>h;hh;hpp;hxx;hm;inl;inc;xsd</Extensions>
    </Filter>
    <Filter Include="리소스 파일">
      <UniqueIdentifier>{67DA6AB6-F800-4c08-8B7A-83BB121AAD01}</UniqueIdentifier>
      <Extensions>rc;ico;cur;bmp;dlg;rc2;rct;bin;rgs;gif;jpg;jpeg;jpe;resx;tiff;tif;png;wav;mfcribbon-ms</Extensions>
    </Filter>
    <Filter Include="2D GAMEFRAMEWORK">
      <UniqueIdentifier>{cb999dfc-8716-42f3-a595-a15c8577b355}</UniqueIdentifier>
    </Filter>
    <Filter Include="2D GAMEFRAMEWORK\매니져">
      <UniqueIdentifier>{4857885e-e537-4843-b97c-b1fd1889f92c}</UniqueIdentifier>
    </Filter>
    <Filter Include="메인게임">
      <UniqueIdentifier>{0f919e59-9e20-4582-83ed-4b23a7784a46}</UniqueIdentifier>
    </Filter>
    <Filter Include="2D GAMEFRAMEWORK\이미지">
      <UniqueIdentifier>{37b3c83e-3ea8-49ec-a027-6d27675dff4a}</UniqueIdentifier>
    </Filter>
    <Filter Include="2D GAMEFRAMEWORK\유틸">
      <UniqueIdentifier>{9a3b6584-806f-4abb-924f-245a72004552}</UniqueIdentifier>
    </Filter>
    <Filter Include="2D GAMEFRAMEWORK\프로그래스바">
      <UniqueIdentifier>{1db64003-2a8d-4b08-b7d6-deb93abf42de}</UniqueIdentifier>
    </Filter>
    <Filter Include="2D GAMEFRAMEWORK\타이머">
      <UniqueIdentifier>{5ec92e7a-2639-4fb6-8520-af076f84a0a1}</UniqueIdentifier>
    </Filter>
    <Filter Include="2D GAMEFRAMEWORK\TextData">
      <UniqueIdentifier>{f3f53038-a728-4019-9fbc-5045a8f4d332}</UniqueIdentifier>
    </Filter>
    <Filter Include="2D GAMEFRAMEWORK\INIData">
      <UniqueIdentifier>{b04e5c4c-f7cc-4461-bb56-f75f2d769605}</UniqueIdentifier>
    </Filter>
    <Filter Include="2D GAMEFRAMEWORK\로딩">
      <UniqueIdentifier>{83514df9-d51e-479c-8368-eca7788fefe5}</UniqueIdentifier>
    </Filter>
    <Filter Include="2D GAMEFRAMEWORK\애니메이션">
      <UniqueIdentifier>{5e4bb989-47f3-4254-9e08-48caf97d5366}</UniqueIdentifier>
    </Filter>
    <Filter Include="2D GAMEFRAMEWORK\이펙트">
      <UniqueIdentifier>{ac599405-8960-42c6-b194-6a61768115fb}</UniqueIdentifier>
    </Filter>
    <Filter Include="메인게임\킹덤러쉬">
      <UniqueIdentifier>{2ec52e67-db9d-49d3-b17a-ac02831e7516}</UniqueIdentifier>
    </Filter>
    <Filter Include="메인게임\킹덤러쉬\스테이지">
      <UniqueIdentifier>{c22655bb-cfba-483b-928c-b7281a32076c}</UniqueIdentifier>
    </Filter>
    <Filter Include="메인게임\킹덤러쉬\게임오브젝트">
      <UniqueIdentifier>{6499843a-8b40-461b-b837-021211441018}</UniqueIdentifier>
    </Filter>
    <Filter Include="메인게임\킹덤러쉬\게임오브젝트\유닛">
      <UniqueIdentifier>{f8be6147-cee3-4285-ae22-e2b954a767df}</UniqueIdentifier>
    </Filter>
    <Filter Include="메인게임\킹덤러쉬\게임오브젝트\유닛\내유닛">
      <UniqueIdentifier>{5196a332-01d3-4551-a911-c4971b2eb37e}</UniqueIdentifier>
    </Filter>
    <Filter Include="메인게임\킹덤러쉬\게임오브젝트\유닛\적유닛">
      <UniqueIdentifier>{56f91119-1eec-4e87-9ec5-964ca46f9593}</UniqueIdentifier>
    </Filter>
    <Filter Include="메인게임\킹덤러쉬\게임오브젝트\유닛\내유닛\내유닛매니저">
      <UniqueIdentifier>{cd809980-104c-44ec-b5de-cb2d8303a333}</UniqueIdentifier>
    </Filter>
    <Filter Include="메인게임\킹덤러쉬\게임오브젝트\타워">
      <UniqueIdentifier>{a59296c9-0ac9-4e56-9a90-0d2d3bbedb87}</UniqueIdentifier>
    </Filter>
    <Filter Include="메인게임\킹덤러쉬\게임오브젝트\타워\배럭스">
      <UniqueIdentifier>{fb682827-0fd5-4e39-961d-14715a9143a9}</UniqueIdentifier>
    </Filter>
    <Filter Include="메인게임\킹덤러쉬\게임오브젝트\타워\타워스폿">
      <UniqueIdentifier>{3711d4f3-4e0d-4d8e-ae49-05a2e6c7fb1a}</UniqueIdentifier>
    </Filter>
    <Filter Include="메인게임\킹덤러쉬\게임오브젝트\타워\아쳐타워">
      <UniqueIdentifier>{25c3a39f-b9e1-4f6a-9a03-ad9a5ad47fa7}</UniqueIdentifier>
    </Filter>
    <Filter Include="메인게임\킹덤러쉬\게임오브젝트\타워\마법사타워">
      <UniqueIdentifier>{d3767876-514a-474c-8af8-98acd9a30067}</UniqueIdentifier>
    </Filter>
    <Filter Include="메인게임\킹덤러쉬\게임오브젝트\타워\캐논타워">
      <UniqueIdentifier>{cc2013ec-6138-47dd-8bf8-58bffbdec647}</UniqueIdentifier>
    </Filter>
    <Filter Include="메인게임\킹덤러쉬\게임오브젝트\타워\타워매니저">
      <UniqueIdentifier>{c80247f3-3eb8-4c44-ad68-baa1d3877142}</UniqueIdentifier>
    </Filter>
    <Filter Include="메인게임\킹덤러쉬\게임오브젝트\유닛\내유닛\궁수">
      <UniqueIdentifier>{ca9cafbd-f579-415b-ab57-4e759d166b85}</UniqueIdentifier>
    </Filter>
    <Filter Include="메인게임\킹덤러쉬\게임오브젝트\유닛\적유닛\적유닛매니저">
      <UniqueIdentifier>{1dd237c8-f85e-4e48-b63a-af24e97f12a3}</UniqueIdentifier>
    </Filter>
    <Filter Include="메인게임\킹덤러쉬\게임오브젝트\유닛\내유닛\보병">
      <UniqueIdentifier>{6c67cf76-c335-4c16-ad00-ecfcd6e54fa8}</UniqueIdentifier>
    </Filter>
    <Filter Include="메인게임\킹덤러쉬\게임오브젝트\유닛\내유닛\마법사">
      <UniqueIdentifier>{e0febe98-4eb1-462b-9919-4768dcd46d9c}</UniqueIdentifier>
    </Filter>
    <Filter Include="메인게임\킹덤러쉬\게임오브젝트\유닛\적유닛\고블린">
      <UniqueIdentifier>{d0398a28-abe7-4640-b56f-ce586d4da951}</UniqueIdentifier>
    </Filter>
    <Filter Include="메인게임\킹덤러쉬\게임오브젝트\원거리공격무기">
      <UniqueIdentifier>{1e94b3bc-d4e7-4622-9b35-980411604491}</UniqueIdentifier>
    </Filter>
    <Filter Include="메인게임\킹덤러쉬\게임오브젝트\원거리공격무기\포탄">
      <UniqueIdentifier>{a42ca552-4991-4372-bf05-0439247b5a7d}</UniqueIdentifier>
    </Filter>
    <Filter Include="메인게임\킹덤러쉬\게임오브젝트\원거리공격무기\화살">
      <UniqueIdentifier>{52de7bd2-3605-475a-b8b9-17f640a93ca4}</UniqueIdentifier>
    </Filter>
    <Filter Include="메인게임\킹덤러쉬\게임오브젝트\원거리공격무기\마법에너지">
      <UniqueIdentifier>{941d52a6-5372-4450-bbec-0b624f7e41fc}</UniqueIdentifier>
    </Filter>
    <Filter Include="메인게임\킹덤러쉬\게임오브젝트\유닛\적유닛\오크">
      <UniqueIdentifier>{2a5ec973-7d06-4c6d-a22f-72feeda3e99c}</UniqueIdentifier>
    </Filter>
    <Filter Include="메인게임\킹덤러쉬\스테이지\스테이지2">
      <UniqueIdentifier>{4feaea38-6fdf-4ce4-83dd-13b6b9291d43}</UniqueIdentifier>
    </Filter>
    <Filter Include="메인게임\킹덤러쉬\스테이지\스테이지1">
      <UniqueIdentifier>{b9cf7183-55be-4ae0-85c6-e03323e2c571}</UniqueIdentifier>
    </Filter>
    <Filter Include="메인게임\킹덤러쉬\게임오브젝트\유닛\적유닛\릴프">
      <UniqueIdentifier>{86c59c91-87fc-425e-a998-325b73ade6c5}</UniqueIdentifier>
    </Filter>
  </ItemGroup>
  <ItemGroup>
    <ClInclude Include="stdafx.h">
      <Filter>헤더 파일</Filter>
    </ClInclude>
    <ClInclude Include="commonMacroFunction.h">
      <Filter>헤더 파일</Filter>
    </ClInclude>
    <ClInclude Include="gameNode.h">
      <Filter>2D GAMEFRAMEWORK</Filter>
    </ClInclude>
    <ClInclude Include="mainGame.h">
      <Filter>메인게임</Filter>
    </ClInclude>
    <ClInclude Include="singletonBase.h">
      <Filter>2D GAMEFRAMEWORK\매니져</Filter>
    </ClInclude>
    <ClInclude Include="keyManager.h">
      <Filter>2D GAMEFRAMEWORK\매니져</Filter>
    </ClInclude>
    <ClInclude Include="randomFunction.h">
      <Filter>헤더 파일</Filter>
    </ClInclude>
    <ClInclude Include="image.h">
      <Filter>2D GAMEFRAMEWORK\이미지</Filter>
    </ClInclude>
    <ClInclude Include="imageManager.h">
      <Filter>2D GAMEFRAMEWORK\매니져</Filter>
    </ClInclude>
    <ClInclude Include="utils.h">
      <Filter>2D GAMEFRAMEWORK\유틸</Filter>
    </ClInclude>
    <ClInclude Include="prograssBar.h">
      <Filter>2D GAMEFRAMEWORK\프로그래스바</Filter>
    </ClInclude>
    <ClInclude Include="timer.h">
      <Filter>2D GAMEFRAMEWORK\타이머</Filter>
    </ClInclude>
    <ClInclude Include="timeManager.h">
      <Filter>2D GAMEFRAMEWORK\매니져</Filter>
    </ClInclude>
    <ClInclude Include="txtData.h">
      <Filter>2D GAMEFRAMEWORK\TextData</Filter>
    </ClInclude>
    <ClInclude Include="iniData.h">
      <Filter>2D GAMEFRAMEWORK\INIData</Filter>
    </ClInclude>
    <ClInclude Include="sceneManager.h">
      <Filter>2D GAMEFRAMEWORK\매니져</Filter>
    </ClInclude>
    <ClInclude Include="loading.h">
      <Filter>2D GAMEFRAMEWORK\로딩</Filter>
    </ClInclude>
    <ClInclude Include="soundManager.h">
      <Filter>2D GAMEFRAMEWORK\매니져</Filter>
    </ClInclude>
    <ClInclude Include="animation.h">
      <Filter>2D GAMEFRAMEWORK\애니메이션</Filter>
    </ClInclude>
    <ClInclude Include="effect.h">
      <Filter>2D GAMEFRAMEWORK\이펙트</Filter>
    </ClInclude>
    <ClInclude Include="effectManager.h">
      <Filter>2D GAMEFRAMEWORK\매니져</Filter>
    </ClInclude>
    <ClInclude Include="animationManager.h">
      <Filter>2D GAMEFRAMEWORK\매니져</Filter>
    </ClInclude>
    <ClInclude Include="startPage.h">
      <Filter>메인게임\킹덤러쉬</Filter>
    </ClInclude>
    <ClInclude Include="creditPage.h">
      <Filter>메인게임\킹덤러쉬</Filter>
    </ClInclude>
    <ClInclude Include="mainPage.h">
      <Filter>메인게임\킹덤러쉬</Filter>
    </ClInclude>
    <ClInclude Include="gameObject.h">
      <Filter>메인게임\킹덤러쉬\게임오브젝트</Filter>
    </ClInclude>
    <ClInclude Include="playerUnitBase.h">
      <Filter>메인게임\킹덤러쉬\게임오브젝트\유닛\내유닛</Filter>
    </ClInclude>
    <ClInclude Include="enemyUnitBase.h">
      <Filter>메인게임\킹덤러쉬\게임오브젝트\유닛\적유닛</Filter>
    </ClInclude>
    <ClInclude Include="unitBase.h">
      <Filter>메인게임\킹덤러쉬\게임오브젝트\유닛</Filter>
    </ClInclude>
    <ClInclude Include="towerBase.h">
      <Filter>메인게임\킹덤러쉬\게임오브젝트\타워</Filter>
    </ClInclude>
    <ClInclude Include="barracks.h">
      <Filter>메인게임\킹덤러쉬\게임오브젝트\타워\배럭스</Filter>
    </ClInclude>
    <ClInclude Include="towerSpot.h">
      <Filter>메인게임\킹덤러쉬\게임오브젝트\타워\타워스폿</Filter>
    </ClInclude>
    <ClInclude Include="towerManager.h">
      <Filter>메인게임\킹덤러쉬\게임오브젝트\타워\타워매니저</Filter>
    </ClInclude>
    <ClInclude Include="archerTower.h">
      <Filter>메인게임\킹덤러쉬\게임오브젝트\타워\아쳐타워</Filter>
    </ClInclude>
    <ClInclude Include="magicianTower.h">
      <Filter>메인게임\킹덤러쉬\게임오브젝트\타워\마법사타워</Filter>
    </ClInclude>
    <ClInclude Include="cannonTower.h">
      <Filter>메인게임\킹덤러쉬\게임오브젝트\타워\캐논타워</Filter>
    </ClInclude>
    <ClInclude Include="archer.h">
      <Filter>메인게임\킹덤러쉬\게임오브젝트\유닛\내유닛\궁수</Filter>
    </ClInclude>
    <ClInclude Include="playerUnitManager.h">
      <Filter>메인게임\킹덤러쉬\게임오브젝트\유닛\내유닛\내유닛매니저</Filter>
    </ClInclude>
    <ClInclude Include="infantry.h">
      <Filter>메인게임\킹덤러쉬\게임오브젝트\유닛\내유닛\보병</Filter>
    </ClInclude>
    <ClInclude Include="magician.h">
      <Filter>메인게임\킹덤러쉬\게임오브젝트\유닛\내유닛\마법사</Filter>
    </ClInclude>
    <ClInclude Include="goblin.h">
      <Filter>메인게임\킹덤러쉬\게임오브젝트\유닛\적유닛\고블린</Filter>
    </ClInclude>
    <ClInclude Include="enemyUnitManager.h">
      <Filter>메인게임\킹덤러쉬\게임오브젝트\유닛\적유닛\적유닛매니저</Filter>
    </ClInclude>
    <ClInclude Include="bulletBase.h">
      <Filter>메인게임\킹덤러쉬\게임오브젝트\원거리공격무기</Filter>
    </ClInclude>
    <ClInclude Include="arrow.h">
      <Filter>메인게임\킹덤러쉬\게임오브젝트\원거리공격무기\화살</Filter>
    </ClInclude>
    <ClInclude Include="magicEnergy.h">
      <Filter>메인게임\킹덤러쉬\게임오브젝트\원거리공격무기\마법에너지</Filter>
    </ClInclude>
    <ClInclude Include="cannon.h">
      <Filter>메인게임\킹덤러쉬\게임오브젝트\원거리공격무기\포탄</Filter>
    </ClInclude>
    <ClInclude Include="stageBase.h">
      <Filter>메인게임\킹덤러쉬\스테이지</Filter>
    </ClInclude>
    <ClInclude Include="orc.h">
      <Filter>메인게임\킹덤러쉬\게임오브젝트\유닛\적유닛\오크</Filter>
    </ClInclude>
    <ClInclude Include="stage2.h">
      <Filter>메인게임\킹덤러쉬\스테이지\스테이지2</Filter>
    </ClInclude>
    <ClInclude Include="stage1.h">
      <Filter>메인게임\킹덤러쉬\스테이지\스테이지1</Filter>
    </ClInclude>
    <ClInclude Include="wlilf.h">
      <Filter>메인게임\킹덤러쉬\게임오브젝트\유닛\적유닛\릴프</Filter>
    </ClInclude>
  </ItemGroup>
  <ItemGroup>
    <ClCompile Include="stdafx.cpp">
      <Filter>소스 파일</Filter>
    </ClCompile>
    <ClCompile Include="winMain.cpp">
      <Filter>소스 파일</Filter>
    </ClCompile>
    <ClCompile Include="gameNode.cpp">
      <Filter>2D GAMEFRAMEWORK</Filter>
    </ClCompile>
    <ClCompile Include="mainGame.cpp">
      <Filter>메인게임</Filter>
    </ClCompile>
    <ClCompile Include="keyManager.cpp">
      <Filter>2D GAMEFRAMEWORK\매니져</Filter>
    </ClCompile>
    <ClCompile Include="image.cpp">
      <Filter>2D GAMEFRAMEWORK\이미지</Filter>
    </ClCompile>
    <ClCompile Include="imageManager.cpp">
      <Filter>2D GAMEFRAMEWORK\매니져</Filter>
    </ClCompile>
    <ClCompile Include="utils.cpp">
      <Filter>2D GAMEFRAMEWORK\유틸</Filter>
    </ClCompile>
    <ClCompile Include="prograssBar.cpp">
      <Filter>2D GAMEFRAMEWORK\프로그래스바</Filter>
    </ClCompile>
    <ClCompile Include="timer.cpp">
      <Filter>2D GAMEFRAMEWORK\타이머</Filter>
    </ClCompile>
    <ClCompile Include="timeManager.cpp">
      <Filter>2D GAMEFRAMEWORK\매니져</Filter>
    </ClCompile>
    <ClCompile Include="txtData.cpp">
      <Filter>2D GAMEFRAMEWORK\TextData</Filter>
    </ClCompile>
    <ClCompile Include="iniData.cpp">
      <Filter>2D GAMEFRAMEWORK\INIData</Filter>
    </ClCompile>
    <ClCompile Include="sceneManager.cpp">
      <Filter>2D GAMEFRAMEWORK\매니져</Filter>
    </ClCompile>
    <ClCompile Include="loading.cpp">
      <Filter>2D GAMEFRAMEWORK\로딩</Filter>
    </ClCompile>
    <ClCompile Include="soundManager.cpp">
      <Filter>2D GAMEFRAMEWORK\매니져</Filter>
    </ClCompile>
    <ClCompile Include="animation.cpp">
      <Filter>2D GAMEFRAMEWORK\애니메이션</Filter>
    </ClCompile>
    <ClCompile Include="effect.cpp">
      <Filter>2D GAMEFRAMEWORK\이펙트</Filter>
    </ClCompile>
    <ClCompile Include="effectManager.cpp">
      <Filter>2D GAMEFRAMEWORK\매니져</Filter>
    </ClCompile>
    <ClCompile Include="animationManager.cpp">
      <Filter>2D GAMEFRAMEWORK\매니져</Filter>
    </ClCompile>
    <ClCompile Include="startPage.cpp">
      <Filter>메인게임\킹덤러쉬</Filter>
    </ClCompile>
    <ClCompile Include="creditPage.cpp">
      <Filter>메인게임\킹덤러쉬</Filter>
    </ClCompile>
    <ClCompile Include="mainPage.cpp">
      <Filter>메인게임\킹덤러쉬</Filter>
    </ClCompile>
    <ClCompile Include="gameObject.cpp">
      <Filter>메인게임\킹덤러쉬\게임오브젝트</Filter>
    </ClCompile>
    <ClCompile Include="playerUnitBase.cpp">
      <Filter>메인게임\킹덤러쉬\게임오브젝트\유닛\내유닛</Filter>
    </ClCompile>
    <ClCompile Include="enemyUnitBase.cpp">
      <Filter>메인게임\킹덤러쉬\게임오브젝트\유닛\적유닛</Filter>
    </ClCompile>
    <ClCompile Include="unitBase.cpp">
      <Filter>메인게임\킹덤러쉬\게임오브젝트\유닛</Filter>
    </ClCompile>
    <ClCompile Include="towerBase.cpp">
      <Filter>메인게임\킹덤러쉬\게임오브젝트\타워</Filter>
    </ClCompile>
    <ClCompile Include="barracks.cpp">
      <Filter>메인게임\킹덤러쉬\게임오브젝트\타워\배럭스</Filter>
    </ClCompile>
    <ClCompile Include="towerSpot.cpp">
      <Filter>메인게임\킹덤러쉬\게임오브젝트\타워\타워스폿</Filter>
    </ClCompile>
    <ClCompile Include="towerManager.cpp">
      <Filter>메인게임\킹덤러쉬\게임오브젝트\타워\타워매니저</Filter>
    </ClCompile>
    <ClCompile Include="archerTower.cpp">
      <Filter>메인게임\킹덤러쉬\게임오브젝트\타워\아쳐타워</Filter>
    </ClCompile>
    <ClCompile Include="magicianTower.cpp">
      <Filter>메인게임\킹덤러쉬\게임오브젝트\타워\마법사타워</Filter>
    </ClCompile>
    <ClCompile Include="cannonTower.cpp">
      <Filter>메인게임\킹덤러쉬\게임오브젝트\타워\캐논타워</Filter>
    </ClCompile>
    <ClCompile Include="archer.cpp">
      <Filter>메인게임\킹덤러쉬\게임오브젝트\유닛\내유닛\궁수</Filter>
    </ClCompile>
    <ClCompile Include="playerUnitManager.cpp">
      <Filter>메인게임\킹덤러쉬\게임오브젝트\유닛\내유닛\내유닛매니저</Filter>
    </ClCompile>
    <ClCompile Include="infantry.cpp">
      <Filter>메인게임\킹덤러쉬\게임오브젝트\유닛\내유닛\보병</Filter>
    </ClCompile>
    <ClCompile Include="magician.cpp">
      <Filter>메인게임\킹덤러쉬\게임오브젝트\유닛\내유닛\마법사</Filter>
    </ClCompile>
    <ClCompile Include="goblin.cpp">
      <Filter>메인게임\킹덤러쉬\게임오브젝트\유닛\적유닛\고블린</Filter>
    </ClCompile>
    <ClCompile Include="enemyUnitManager.cpp">
      <Filter>메인게임\킹덤러쉬\게임오브젝트\유닛\적유닛\적유닛매니저</Filter>
    </ClCompile>
    <ClCompile Include="bulletBase.cpp">
      <Filter>메인게임\킹덤러쉬\게임오브젝트\원거리공격무기</Filter>
    </ClCompile>
    <ClCompile Include="arrow.cpp">
      <Filter>메인게임\킹덤러쉬\게임오브젝트\원거리공격무기\화살</Filter>
    </ClCompile>
    <ClCompile Include="magicEnergy.cpp">
      <Filter>메인게임\킹덤러쉬\게임오브젝트\원거리공격무기\마법에너지</Filter>
    </ClCompile>
    <ClCompile Include="cannon.cpp">
      <Filter>메인게임\킹덤러쉬\게임오브젝트\원거리공격무기\포탄</Filter>
    </ClCompile>
    <ClCompile Include="stageBase.cpp">
      <Filter>메인게임\킹덤러쉬\스테이지</Filter>
    </ClCompile>
    <ClCompile Include="orc.cpp">
      <Filter>메인게임\킹덤러쉬\게임오브젝트\유닛\적유닛\오크</Filter>
    </ClCompile>
    <ClCompile Include="stage2.cpp">
      <Filter>메인게임\킹덤러쉬\스테이지\스테이지2</Filter>
    </ClCompile>
    <ClCompile Include="stage1.cpp">
      <Filter>메인게임\킹덤러쉬\스테이지\스테이지1</Filter>
    </ClCompile>
    <ClCompile Include="wlilf.cpp">
      <Filter>메인게임\킹덤러쉬\게임오브젝트\유닛\적유닛\릴프</Filter>
    </ClCompile>
  </ItemGroup>
</Project>